
Microsoft Visual Studio Solution File, Format Version 12.00
Project("{FAE04EC0-301F-11D3-BF4B-00C04F79EFBC}") = "SensorManagerAPI", "SensorManagerAPI\SensorManagerAPI.csproj", "{DBFC8D5E-7BEB-4504-A188-372CF899958E}"
EndProject
Global
	GlobalSection(SolutionConfigurationPlatforms) = preSolution
		Debug|Any CPU = Debug|Any CPU
		Release|Any CPU = Release|Any CPU
	EndGlobalSection
	GlobalSection(ProjectConfigurationPlatforms) = postSolution
		{DBFC8D5E-7BEB-4504-A188-372CF899958E}.Debug|Any CPU.ActiveCfg = Debug|Any CPU
		{DBFC8D5E-7BEB-4504-A188-372CF899958E}.Debug|Any CPU.Build.0 = Debug|Any CPU
		{DBFC8D5E-7BEB-4504-A188-372CF899958E}.Release|Any CPU.ActiveCfg = Release|Any CPU
		{DBFC8D5E-7BEB-4504-A188-372CF899958E}.Release|Any CPU.Build.0 = Release|Any CPU
	EndGlobalSection
EndGlobal
